
Microsoft Visual Studio Solution File, Format Version 12.00
# Visual Studio 15
VisualStudioVersion = 15.0.27004.2002
MinimumVisualStudioVersion = 10.0.40219.1
Project("{FAE04EC0-301F-11D3-BF4B-00C04F79EFBC}") = "Zongsoft.Externals.Alimap", "Zongsoft.Externals.Alimap.csproj", "{FB6101AB-7E35-404E-A491-8890E7F01F6F}"
EndProject
Global
	GlobalSection(SolutionConfigurationPlatforms) = preSolution
		Debug|Any CPU = Debug|Any CPU
		Release|Any CPU = Release|Any CPU
	EndGlobalSection
	GlobalSection(ProjectConfigurationPlatforms) = postSolution
		{FB6101AB-7E35-404E-A491-8890E7F01F6F}.Debug|Any CPU.ActiveCfg = Debug|Any CPU
		{FB6101AB-7E35-404E-A491-8890E7F01F6F}.Debug|Any CPU.Build.0 = Debug|Any CPU
		{FB6101AB-7E35-404E-A491-8890E7F01F6F}.Release|Any CPU.ActiveCfg = Release|Any CPU
		{FB6101AB-7E35-404E-A491-8890E7F01F6F}.Release|Any CPU.Build.0 = Release|Any CPU
	EndGlobalSection
	GlobalSection(SolutionProperties) = preSolution
		HideSolutionNode = FALSE
	EndGlobalSection
	GlobalSection(ExtensibilityGlobals) = postSolution
		SolutionGuid = {EC9D1EFC-DD12-4D1B-A813-E92ED6AA3D55}
	EndGlobalSection
EndGlobal
